
Microsoft Visual Studio Solution File, Format Version 12.00
# Visual Studio Version 17
VisualStudioVersion = 17.10.34928.147
MinimumVisualStudioVersion = 10.0.40219.1
Project("{54A90642-561A-4BB1-A94E-469ADEE60C69}") = "candlelight.client", "candlelight.client\candlelight.client.esproj", "{8884F774-D8B7-4291-BD47-8DE0576638B6}"
EndProject
Project("{9A19103F-16F7-4668-BE54-9A1E7A4F7556}") = "Candlelight.Core", "Candlelight.Core\Candlelight.Core.csproj", "{9B432C98-D815-4FB9-BCFE-2621EF3BB0F3}"
EndProject
Project("{9A19103F-16F7-4668-BE54-9A1E7A4F7556}") = "Candlelight.Application", "Candlelight.Application\Candlelight.Application.csproj", "{D6D53567-348D-4A78-B969-81333A5146C2}"
EndProject
Project("{9A19103F-16F7-4668-BE54-9A1E7A4F7556}") = "Candlelight.Infrastructure", "Candlelight.Infrastructure\Candlelight.Infrastructure.csproj", "{136077DA-4437-4255-AE5F-D6ED3B9810B9}"
EndProject
Project("{9A19103F-16F7-4668-BE54-9A1E7A4F7556}") = "Candlelight.Api", "Candlelight.Api\Candlelight.Api.csproj", "{3DDD7395-4DE2-42B2-89EF-BA046586375C}"
EndProject
Project("{9A19103F-16F7-4668-BE54-9A1E7A4F7556}") = "Candlelight.Api.Tests", "Candlelight.Api.Tests\Candlelight.Api.Tests.csproj", "{9C1778CB-C891-4B44-AEF9-898064E8AA09}"
EndProject
Global
	GlobalSection(SolutionConfigurationPlatforms) = preSolution
		Debug|Any CPU = Debug|Any CPU
		Release|Any CPU = Release|Any CPU
	EndGlobalSection
	GlobalSection(ProjectConfigurationPlatforms) = postSolution
		{8884F774-D8B7-4291-BD47-8DE0576638B6}.Debug|Any CPU.ActiveCfg = Debug|Any CPU
		{8884F774-D8B7-4291-BD47-8DE0576638B6}.Debug|Any CPU.Build.0 = Debug|Any CPU
		{8884F774-D8B7-4291-BD47-8DE0576638B6}.Debug|Any CPU.Deploy.0 = Debug|Any CPU
		{8884F774-D8B7-4291-BD47-8DE0576638B6}.Release|Any CPU.ActiveCfg = Release|Any CPU
		{8884F774-D8B7-4291-BD47-8DE0576638B6}.Release|Any CPU.Build.0 = Release|Any CPU
		{8884F774-D8B7-4291-BD47-8DE0576638B6}.Release|Any CPU.Deploy.0 = Release|Any CPU
		{9B432C98-D815-4FB9-BCFE-2621EF3BB0F3}.Debug|Any CPU.ActiveCfg = Debug|Any CPU
		{9B432C98-D815-4FB9-BCFE-2621EF3BB0F3}.Debug|Any CPU.Build.0 = Debug|Any CPU
		{9B432C98-D815-4FB9-BCFE-2621EF3BB0F3}.Release|Any CPU.ActiveCfg = Release|Any CPU
		{9B432C98-D815-4FB9-BCFE-2621EF3BB0F3}.Release|Any CPU.Build.0 = Release|Any CPU
		{D6D53567-348D-4A78-B969-81333A5146C2}.Debug|Any CPU.ActiveCfg = Debug|Any CPU
		{D6D53567-348D-4A78-B969-81333A5146C2}.Debug|Any CPU.Build.0 = Debug|Any CPU
		{D6D53567-348D-4A78-B969-81333A5146C2}.Release|Any CPU.ActiveCfg = Release|Any CPU
		{D6D53567-348D-4A78-B969-81333A5146C2}.Release|Any CPU.Build.0 = Release|Any CPU
		{136077DA-4437-4255-AE5F-D6ED3B9810B9}.Debug|Any CPU.ActiveCfg = Debug|Any CPU
		{136077DA-4437-4255-AE5F-D6ED3B9810B9}.Debug|Any CPU.Build.0 = Debug|Any CPU
		{136077DA-4437-4255-AE5F-D6ED3B9810B9}.Release|Any CPU.ActiveCfg = Release|Any CPU
		{136077DA-4437-4255-AE5F-D6ED3B9810B9}.Release|Any CPU.Build.0 = Release|Any CPU
		{3DDD7395-4DE2-42B2-89EF-BA046586375C}.Debug|Any CPU.ActiveCfg = Debug|Any CPU
		{3DDD7395-4DE2-42B2-89EF-BA046586375C}.Debug|Any CPU.Build.0 = Debug|Any CPU
		{3DDD7395-4DE2-42B2-89EF-BA046586375C}.Release|Any CPU.ActiveCfg = Release|Any CPU
		{3DDD7395-4DE2-42B2-89EF-BA046586375C}.Release|Any CPU.Build.0 = Release|Any CPU
		{9C1778CB-C891-4B44-AEF9-898064E8AA09}.Debug|Any CPU.ActiveCfg = Debug|Any CPU
		{9C1778CB-C891-4B44-AEF9-898064E8AA09}.Debug|Any CPU.Build.0 = Debug|Any CPU
		{9C1778CB-C891-4B44-AEF9-898064E8AA09}.Release|Any CPU.ActiveCfg = Release|Any CPU
		{9C1778CB-C891-4B44-AEF9-898064E8AA09}.Release|Any CPU.Build.0 = Release|Any CPU
	EndGlobalSection
	GlobalSection(SolutionProperties) = preSolution
		HideSolutionNode = FALSE
	EndGlobalSection
	GlobalSection(ExtensibilityGlobals) = postSolution
		SolutionGuid = {78B5CD82-48FC-4AE5-8899-28F41C2FBE50}
	EndGlobalSection
EndGlobal
